
Microsoft Visual Studio Solution File, Format Version 12.00
# Visual Studio Version 17
VisualStudioVersion = 17.6.33723.286
MinimumVisualStudioVersion = 10.0.40219.1
Project("{54A90642-561A-4BB1-A94E-469ADEE60C69}") = "loginpage", "loginpage\loginpage.esproj", "{539303F5-983D-4087-97A0-B8B65E746738}"
EndProject
Global
	GlobalSection(SolutionConfigurationPlatforms) = preSolution
		Debug|Any CPU = Debug|Any CPU
		Release|Any CPU = Release|Any CPU
	EndGlobalSection
	GlobalSection(ProjectConfigurationPlatforms) = postSolution
		{539303F5-983D-4087-97A0-B8B65E746738}.Debug|Any CPU.ActiveCfg = Debug|Any CPU
		{539303F5-983D-4087-97A0-B8B65E746738}.Debug|Any CPU.Build.0 = Debug|Any CPU
		{539303F5-983D-4087-97A0-B8B65E746738}.Debug|Any CPU.Deploy.0 = Debug|Any CPU
		{539303F5-983D-4087-97A0-B8B65E746738}.Release|Any CPU.ActiveCfg = Release|Any CPU
		{539303F5-983D-4087-97A0-B8B65E746738}.Release|Any CPU.Build.0 = Release|Any CPU
		{539303F5-983D-4087-97A0-B8B65E746738}.Release|Any CPU.Deploy.0 = Release|Any CPU
	EndGlobalSection
	GlobalSection(SolutionProperties) = preSolution
		HideSolutionNode = FALSE
	EndGlobalSection
	GlobalSection(ExtensibilityGlobals) = postSolution
		SolutionGuid = {CFB28D07-3E96-4949-8C39-241870803B0A}
	EndGlobalSection
EndGlobal
